// !$*UTF8*$!
{
	archiveVersion = 1;
	classes = {
	};
	objectVersion = 77;
	objects = {

/* Begin PBXContainerItemProxy section */
		7522BA6A2D3BDDDC000C0C7A /* PBXContainerItemProxy */ = {
			isa = PBXContainerItemProxy;
			containerPortal = 7522BA512D3BDDDB000C0C7A /* Project object */;
			proxyType = 1;
			remoteGlobalIDString = 7522BA582D3BDDDB000C0C7A;
			remoteInfo = BLETool;
		};
		7522BA742D3BDDDC000C0C7A /* PBXContainerItemProxy */ = {
			isa = PBXContainerItemProxy;
			containerPortal = 7522BA512D3BDDDB000C0C7A /* Project object */;
			proxyType = 1;
			remoteGlobalIDString = 7522BA582D3BDDDB000C0C7A;
			remoteInfo = BLETool;
		};
/* End PBXContainerItemProxy section */

/* Begin PBXFileReference section */
		7522BA592D3BDDDB000C0C7A /* BLETool.app */ = {isa = PBXFileReference; explicitFileType = wrapper.application; includeInIndex = 0; path = BLETool.app; sourceTree = BUILT_PRODUCTS_DIR; };
		7522BA692D3BDDDC000C0C7A /* BLEToolTests.xctest */ = {isa = PBXFileReference; explicitFileType = wrapper.cfbundle; includeInIndex = 0; path = BLEToolTests.xctest; sourceTree = BUILT_PRODUCTS_DIR; };
		7522BA732D3BDDDC000C0C7A /* BLEToolUITests.xctest */ = {isa = PBXFileReference; explicitFileType = wrapper.cfbundle; includeInIndex = 0; path = BLEToolUITests.xctest; sourceTree = BUILT_PRODUCTS_DIR; };
/* End PBXFileReference section */

/* Begin PBXFileSystemSynchronizedBuildFileExceptionSet section */
		7576F2CD2D3FD09E00337587 /* Exceptions for "BLETool" folder in "BLETool" target */ = {
			isa = PBXFileSystemSynchronizedBuildFileExceptionSet;
			membershipExceptions = (
				Info.plist,
			);
			target = 7522BA582D3BDDDB000C0C7A /* BLETool */;
		};
/* End PBXFileSystemSynchronizedBuildFileExceptionSet section */

/* Begin PBXFileSystemSynchronizedRootGroup section */
		7522BA5B2D3BDDDB000C0C7A /* BLETool */ = {
			isa = PBXFileSystemSynchronizedRootGroup;
			exceptions = (
				7576F2CD2D3FD09E00337587 /* Exceptions for "BLETool" folder in "BLETool" target */,
			);
			path = BLETool;
			sourceTree = "<group>";
		};
		7522BA6C2D3BDDDC000C0C7A /* BLEToolTests */ = {
			isa = PBXFileSystemSynchronizedRootGroup;
			path = BLEToolTests;
			sourceTree = "<group>";
		};
		7522BA762D3BDDDC000C0C7A /* BLEToolUITests */ = {
			isa = PBXFileSystemSynchronizedRootGroup;
			path = BLEToolUITests;
			sourceTree = "<group>";
		};
/* End PBXFileSystemSynchronizedRootGroup section */

/* Begin PBXFrameworksBuildPhase section */
		7522BA562D3BDDDB000C0C7A /* Frameworks */ = {
			isa = PBXFrameworksBuildPhase;
			buildActionMask = 2147483647;
			files = (
			);
			runOnlyForDeploymentPostprocessing = 0;
		};
		7522BA662D3BDDDC000C0C7A /* Frameworks */ = {
			isa = PBXFrameworksBuildPhase;
			buildActionMask = 2147483647;
			files = (
			);
			runOnlyForDeploymentPostprocessing = 0;
		};
		7522BA702D3BDDDC000C0C7A /* Frameworks */ = {
			isa = PBXFrameworksBuildPhase;
			buildActionMask = 2147483647;
			files = (
			);
			runOnlyForDeploymentPostprocessing = 0;
		};
/* End PBXFrameworksBuildPhase section */

/* Begin PBXGroup section */
		7522BA502D3BDDDB000C0C7A = {
			isa = PBXGroup;
			children = (
				7522BA5B2D3BDDDB000C0C7A /* BLETool */,
				7522BA6C2D3BDDDC000C0C7A /* BLEToolTests */,
				7522BA762D3BDDDC000C0C7A /* BLEToolUITests */,
				7522BA5A2D3BDDDB000C0C7A /* Products */,
			);
			sourceTree = "<group>";
		};
		7522BA5A2D3BDDDB000C0C7A /* Products */ = {
			isa = PBXGroup;
			children = (
				7522BA592D3BDDDB000C0C7A /* BLETool.app */,
				7522BA692D3BDDDC000C0C7A /* BLEToolTests.xctest */,
				7522BA732D3BDDDC000C0C7A /* BLEToolUITests.xctest */,
			);
			name = Products;
			sourceTree = "<group>";
		};
/* End PBXGroup section */

/* Begin PBXNativeTarget section */
		7522BA582D3BDDDB000C0C7A /* BLETool */ = {
			isa = PBXNativeTarget;
			buildConfigurationList = 7522BA7D2D3BDDDC000C0C7A /* Build configuration list for PBXNativeTarget "BLETool" */;
			buildPhases = (
				7522BA552D3BDDDB000C0C7A /* Sources */,
				7522BA562D3BDDDB000C0C7A /* Frameworks */,
				7522BA572D3BDDDB000C0C7A /* Resources */,
			);
			buildRules = (
			);
			dependencies = (
			);
			fileSystemSynchronizedGroups = (
				7522BA5B2D3BDDDB000C0C7A /* BLETool */,
			);
			name = BLETool;
			packageProductDependencies = (
			);
			productName = BLETool;
			productReference = 7522BA592D3BDDDB000C0C7A /* BLETool.app */;
			productType = "com.apple.product-type.application";
		};
		7522BA682D3BDDDC000C0C7A /* BLEToolTests */ = {
			isa = PBXNativeTarget;
			buildConfigurationList = 7522BA802D3BDDDC000C0C7A /* Build configuration list for PBXNativeTarget "BLEToolTests" */;
			buildPhases = (
				7522BA652D3BDDDC000C0C7A /* Sources */,
				7522BA662D3BDDDC000C0C7A /* Frameworks */,
				7522BA672D3BDDDC000C0C7A /* Resources */,
			);
			buildRules = (
			);
			dependencies = (
				7522BA6B2D3BDDDC000C0C7A /* PBXTargetDependency */,
			);
			fileSystemSynchronizedGroups = (
				7522BA6C2D3BDDDC000C0C7A /* BLEToolTests */,
			);
			name = BLEToolTests;
			packageProductDependencies = (
			);
			productName = BLEToolTests;
			productReference = 7522BA692D3BDDDC000C0C7A /* BLEToolTests.xctest */;
			productType = "com.apple.product-type.bundle.unit-test";
		};
		7522BA722D3BDDDC000C0C7A /* BLEToolUITests */ = {
			isa = PBXNativeTarget;
			buildConfigurationList = 7522BA832D3BDDDC000C0C7A /* Build configuration list for PBXNativeTarget "BLEToolUITests" */;
			buildPhases = (
				7522BA6F2D3BDDDC000C0C7A /* Sources */,
				7522BA702D3BDDDC000C0C7A /* Frameworks */,
				7522BA712D3BDDDC000C0C7A /* Resources */,
			);
			buildRules = (
			);
			dependencies = (
				7522BA752D3BDDDC000C0C7A /* PBXTargetDependency */,
			);
			fileSystemSynchronizedGroups = (
				7522BA762D3BDDDC000C0C7A /* BLEToolUITests */,
			);
			name = BLEToolUITests;
			packageProductDependencies = (
			);
			productName = BLEToolUITests;
			productReference = 7522BA732D3BDDDC000C0C7A /* BLEToolUITests.xctest */;
			productType = "com.apple.product-type.bundle.ui-testing";
		};
/* End PBXNativeTarget section */

/* Begin PBXProject section */
		7522BA512D3BDDDB000C0C7A /* Project object */ = {
			isa = PBXProject;
			attributes = {
				BuildIndependentTargetsInParallel = 1;
				LastSwiftUpdateCheck = 1620;
				LastUpgradeCheck = 1620;
				TargetAttributes = {
					7522BA582D3BDDDB000C0C7A = {
						CreatedOnToolsVersion = 16.2;
					};
					7522BA682D3BDDDC000C0C7A = {
						CreatedOnToolsVersion = 16.2;
						TestTargetID = 7522BA582D3BDDDB000C0C7A;
					};
					7522BA722D3BDDDC000C0C7A = {
						CreatedOnToolsVersion = 16.2;
						TestTargetID = 7522BA582D3BDDDB000C0C7A;
					};
				};
			};
			buildConfigurationList = 7522BA542D3BDDDB000C0C7A /* Build configuration list for PBXProject "BLETool" */;
			developmentRegion = en;
			hasScannedForEncodings = 0;
			knownRegions = (
				en,
				Base,
			);
			mainGroup = 7522BA502D3BDDDB000C0C7A;
			minimizedProjectReferenceProxies = 1;
			preferredProjectObjectVersion = 77;
			productRefGroup = 7522BA5A2D3BDDDB000C0C7A /* Products */;
			projectDirPath = "";
			projectRoot = "";
			targets = (
				7522BA582D3BDDDB000C0C7A /* BLETool */,
				7522BA682D3BDDDC000C0C7A /* BLEToolTests */,
				7522BA722D3BDDDC000C0C7A /* BLEToolUITests */,
			);
		};
/* End PBXProject section */

/* Begin PBXResourcesBuildPhase section */
		7522BA572D3BDDDB000C0C7A /* Resources */ = {
			isa = PBXResourcesBuildPhase;
			buildActionMask = 2147483647;
			files = (
			);
			runOnlyForDeploymentPostprocessing = 0;
		};
		7522BA672D3BDDDC000C0C7A /* Resources */ = {
			isa = PBXResourcesBuildPhase;
			buildActionMask = 2147483647;
			files = (
			);
			runOnlyForDeploymentPostprocessing = 0;
		};
		7522BA712D3BDDDC000C0C7A /* Resources */ = {
			isa = PBXResourcesBuildPhase;
			buildActionMask = 2147483647;
			files = (
			);
			runOnlyForDeploymentPostprocessing = 0;
		};
/* End PBXResourcesBuildPhase section */

/* Begin PBXSourcesBuildPhase section */
		7522BA552D3BDDDB000C0C7A /* Sources */ = {
			isa = PBXSourcesBuildPhase;
			buildActionMask = 2147483647;
			files = (
			);
			runOnlyForDeploymentPostprocessing = 0;
		};
		7522BA652D3BDDDC000C0C7A /* Sources */ = {
			isa = PBXSourcesBuildPhase;
			buildActionMask = 2147483647;
			files = (
			);
			runOnlyForDeploymentPostprocessing = 0;
		};
		7522BA6F2D3BDDDC000C0C7A /* Sources */ = {
			isa = PBXSourcesBuildPhase;
			buildActionMask = 2147483647;
			files = (
			);
			runOnlyForDeploymentPostprocessing = 0;
		};
/* End PBXSourcesBuildPhase section */

/* Begin PBXTargetDependency section */
		7522BA6B2D3BDDDC000C0C7A /* PBXTargetDependency */ = {
			isa = PBXTargetDependency;
			target = 7522BA582D3BDDDB000C0C7A /* BLETool */;
			targetProxy = 7522BA6A2D3BDDDC000C0C7A /* PBXContainerItemProxy */;
		};
		7522BA752D3BDDDC000C0C7A /* PBXTargetDependency */ = {
			isa = PBXTargetDependency;
			target = 7522BA582D3BDDDB000C0C7A /* BLETool */;
			targetProxy = 7522BA742D3BDDDC000C0C7A /* PBXContainerItemProxy */;
		};
/* End PBXTargetDependency section */

/* Begin XCBuildConfiguration section */
		7522BA7B2D3BDDDC000C0C7A /* Debug */ = {
			isa = XCBuildConfiguration;
			buildSettings = {
				ALWAYS_SEARCH_USER_PATHS = NO;
				ASSETCATALOG_COMPILER_GENERATE_SWIFT_ASSET_SYMBOL_EXTENSIONS = YES;
				CLANG_ANALYZER_NONNULL = YES;
				CLANG_ANALYZER_NUMBER_OBJECT_CONVERSION = YES_AGGRESSIVE;
				CLANG_CXX_LANGUAGE_STANDARD = "gnu++20";
				CLANG_ENABLE_MODULES = YES;
				CLANG_ENABLE_OBJC_ARC = YES;
				CLANG_ENABLE_OBJC_WEAK = YES;
				CLANG_WARN_BLOCK_CAPTURE_AUTORELEASING = YES;
				CLANG_WARN_BOOL_CONVERSION = YES;
				CLANG_WARN_COMMA = YES;
				CLANG_WARN_CONSTANT_CONVERSION = YES;
				CLANG_WARN_DEPRECATED_OBJC_IMPLEMENTATIONS = YES;
				CLANG_WARN_DIRECT_OBJC_ISA_USAGE = YES_ERROR;
				CLANG_WARN_DOCUMENTATION_COMMENTS = YES;
				CLANG_WARN_EMPTY_BODY = YES;
				CLANG_WARN_ENUM_CONVERSION = YES;
				CLANG_WARN_INFINITE_RECURSION = YES;
				CLANG_WARN_INT_CONVERSION = YES;
				CLANG_WARN_NON_LITERAL_NULL_CONVERSION = YES;
				CLANG_WARN_OBJC_IMPLICIT_RETAIN_SELF = YES;
				CLANG_WARN_OBJC_LITERAL_CONVERSION = YES;
				CLANG_WARN_OBJC_ROOT_CLASS = YES_ERROR;
				CLANG_WARN_QUOTED_INCLUDE_IN_FRAMEWORK_HEADER = YES;
				CLANG_WARN_RANGE_LOOP_ANALYSIS = YES;
				CLANG_WARN_STRICT_PROTOTYPES = YES;
				CLANG_WARN_SUSPICIOUS_MOVE = YES;
				CLANG_WARN_UNGUARDED_AVAILABILITY = YES_AGGRESSIVE;
				CLANG_WARN_UNREACHABLE_CODE = YES;
				CLANG_WARN__DUPLICATE_METHOD_MATCH = YES;
				COPY_PHASE_STRIP = NO;
				DEBUG_INFORMATION_FORMAT = dwarf;
				ENABLE_STRICT_OBJC_MSGSEND = YES;
				ENABLE_TESTABILITY = YES;
				ENABLE_USER_SCRIPT_SANDBOXING = YES;
				GCC_C_LANGUAGE_STANDARD = gnu17;
				GCC_DYNAMIC_NO_PIC = NO;
				GCC_NO_COMMON_BLOCKS = YES;
				GCC_OPTIMIZATION_LEVEL = 0;
				GCC_PREPROCESSOR_DEFINITIONS = (
					"DEBUG=1",
					"$(inherited)",
				);
				GCC_WARN_64_TO_32_BIT_CONVERSION = YES;
				GCC_WARN_ABOUT_RETURN_TYPE = YES_ERROR;
				GCC_WARN_UNDECLARED_SELECTOR = YES;
				GCC_WARN_UNINITIALIZED_AUTOS = YES_AGGRESSIVE;
				GCC_WARN_UNUSED_FUNCTION = YES;
				GCC_WARN_UNUSED_VARIABLE = YES;
				IPHONEOS_DEPLOYMENT_TARGET = 18.2;
				LOCALIZATION_PREFERS_STRING_CATALOGS = YES;
				MTL_ENABLE_DEBUG_INFO = INCLUDE_SOURCE;
				MTL_FAST_MATH = YES;
				ONLY_ACTIVE_ARCH = YES;
				SDKROOT = iphoneos;
				SWIFT_ACTIVE_COMPILATION_CONDITIONS = "DEBUG $(inherited)";
				SWIFT_OPTIMIZATION_LEVEL = "-Onone";
			};
			name = Debug;
		};
		7522BA7C2D3BDDDC000C0C7A /* Release */ = {
			isa = XCBuildConfiguration;
			buildSettings = {
				ALWAYS_SEARCH_USER_PATHS = NO;
				ASSETCATALOG_COMPILER_GENERATE_SWIFT_ASSET_SYMBOL_EXTENSIONS = YES;
				CLANG_ANALYZER_NONNULL = YES;
				CLANG_ANALYZER_NUMBER_OBJECT_CONVERSION = YES_AGGRESSIVE;
				CLANG_CXX_LANGUAGE_STANDARD = "gnu++20";
				CLANG_ENABLE_MODULES = YES;
				CLANG_ENABLE_OBJC_ARC = YES;
				CLANG_ENABLE_OBJC_WEAK = YES;
				CLANG_WARN_BLOCK_CAPTURE_AUTORELEASING = YES;
				CLANG_WARN_BOOL_CONVERSION = YES;
				CLANG_WARN_COMMA = YES;
				CLANG_WARN_CONSTANT_CONVERSION = YES;
				CLANG_WARN_DEPRECATED_OBJC_IMPLEMENTATIONS = YES;
				CLANG_WARN_DIRECT_OBJC_ISA_USAGE = YES_ERROR;
				CLANG_WARN_DOCUMENTATION_COMMENTS = YES;
				CLANG_WARN_EMPTY_BODY = YES;
				CLANG_WARN_ENUM_CONVERSION = YES;
				CLANG_WARN_INFINITE_RECURSION = YES;
				CLANG_WARN_INT_CONVERSION = YES;
				CLANG_WARN_NON_LITERAL_NULL_CONVERSION = YES;
				CLANG_WARN_OBJC_IMPLICIT_RETAIN_SELF = YES;
				CLANG_WARN_OBJC_LITERAL_CONVERSION = YES;
				CLANG_WARN_OBJC_ROOT_CLASS = YES_ERROR;
				CLANG_WARN_QUOTED_INCLUDE_IN_FRAMEWORK_HEADER = YES;
				CLANG_WARN_RANGE_LOOP_ANALYSIS = YES;
				CLANG_WARN_STRICT_PROTOTYPES = YES;
				CLANG_WARN_SUSPICIOUS_MOVE = YES;
				CLANG_WARN_UNGUARDED_AVAILABILITY = YES_AGGRESSIVE;
				CLANG_WARN_UNREACHABLE_CODE = YES;
				CLANG_WARN__DUPLICATE_METHOD_MATCH = YES;
				COPY_PHASE_STRIP = NO;
				DEBUG_INFORMATION_FORMAT = "dwarf-with-dsym";
				ENABLE_NS_ASSERTIONS = NO;
				ENABLE_STRICT_OBJC_MSGSEND = YES;
				ENABLE_USER_SCRIPT_SANDBOXING = YES;
				GCC_C_LANGUAGE_STANDARD = gnu17;
				GCC_NO_COMMON_BLOCKS = YES;
				GCC_WARN_64_TO_32_BIT_CONVERSION = YES;
				GCC_WARN_ABOUT_RETURN_TYPE = YES_ERROR;
				GCC_WARN_UNDECLARED_SELECTOR = YES;
				GCC_WARN_UNINITIALIZED_AUTOS = YES_AGGRESSIVE;
				GCC_WARN_UNUSED_FUNCTION = YES;
				GCC_WARN_UNUSED_VARIABLE = YES;
				IPHONEOS_DEPLOYMENT_TARGET = 18.2;
				LOCALIZATION_PREFERS_STRING_CATALOGS = YES;
				MTL_ENABLE_DEBUG_INFO = NO;
				MTL_FAST_MATH = YES;
				SDKROOT = iphoneos;
				SWIFT_COMPILATION_MODE = wholemodule;
				VALIDATE_PRODUCT = YES;
			};
			name = Release;
		};
		7522BA7E2D3BDDDC000C0C7A /* Debug */ = {
			isa = XCBuildConfiguration;
			buildSettings = {
				ASSETCATALOG_COMPILER_APPICON_NAME = AppIcon;
				ASSETCATALOG_COMPILER_GLOBAL_ACCENT_COLOR_NAME = AccentColor;
				CODE_SIGN_STYLE = Automatic;
				CURRENT_PROJECT_VERSION = 1;
				DEVELOPMENT_ASSET_PATHS = "\"BLETool/Preview Content\"";
				DEVELOPMENT_TEAM = 55DT694GL2;
				ENABLE_PREVIEWS = YES;
				GENERATE_INFOPLIST_FILE = YES;
				INFOPLIST_FILE = BLETool/Info.plist;
				INFOPLIST_KEY_NSBluetoothAlwaysUsageDescription = "Scan BLE devices";
				INFOPLIST_KEY_NSBluetoothPeripheralUsageDescription = "Scan BLE device";
				INFOPLIST_KEY_UIApplicationSceneManifest_Generation = YES;
				INFOPLIST_KEY_UILaunchScreen_Generation = YES;
				INFOPLIST_KEY_UISupportedInterfaceOrientations_iPad = "UIInterfaceOrientationPortrait UIInterfaceOrientationPortraitUpsideDown UIInterfaceOrientationLandscapeLeft UIInterfaceOrientationLandscapeRight";
				INFOPLIST_KEY_UISupportedInterfaceOrientations_iPhone = "UIInterfaceOrientationPortrait UIInterfaceOrientationLandscapeLeft UIInterfaceOrientationLandscapeRight";
				LD_RUNPATH_SEARCH_PATHS = (
					"$(inherited)",
					"@executable_path/Frameworks",
				);
				MARKETING_VERSION = 1.0;
				PRODUCT_BUNDLE_IDENTIFIER = graystone.BLETool;
				PRODUCT_NAME = "$(TARGET_NAME)";
				SWIFT_EMIT_LOC_STRINGS = YES;
				SWIFT_VERSION = 5.0;
				TARGETED_DEVICE_FAMILY = "1,2";
			};
			name = Debug;
		};
		7522BA7F2D3BDDDC000C0C7A /* Release */ = {
			isa = XCBuildConfiguration;
			buildSettings = {
				ASSETCATALOG_COMPILER_APPICON_NAME = AppIcon;
				ASSETCATALOG_COMPILER_GLOBAL_ACCENT_COLOR_NAME = AccentColor;
				CODE_SIGN_STYLE = Automatic;
				CURRENT_PROJECT_VERSION = 1;
				DEVELOPMENT_ASSET_PATHS = "\"BLETool/Preview Content\"";
				DEVELOPMENT_TEAM = 55DT694GL2;
				ENABLE_PREVIEWS = YES;
				GENERATE_INFOPLIST_FILE = YES;
				INFOPLIST_FILE = BLETool/Info.plist;
				INFOPLIST_KEY_NSBluetoothAlwaysUsageDescription = "Scan BLE devices";
				INFOPLIST_KEY_NSBluetoothPeripheralUsageDescription = "Scan BLE device";
				INFOPLIST_KEY_UIApplicationSceneManifest_Generation = YES;
				INFOPLIST_KEY_UILaunchScreen_Generation = YES;
				INFOPLIST_KEY_UISupportedInterfaceOrientations_iPad = "UIInterfaceOrientationPortrait UIInterfaceOrientationPortraitUpsideDown UIInterfaceOrientationLandscapeLeft UIInterfaceOrientationLandscapeRight";
				INFOPLIST_KEY_UISupportedInterfaceOrientations_iPhone = "UIInterfaceOrientationPortrait UIInterfaceOrientationLandscapeLeft UIInterfaceOrientationLandscapeRight";
				LD_RUNPATH_SEARCH_PATHS = (
					"$(inherited)",
					"@executable_path/Frameworks",
				);
				MARKETING_VERSION = 1.0;
				PRODUCT_BUNDLE_IDENTIFIER = graystone.BLETool;
				PRODUCT_NAME = "$(TARGET_NAME)";
				SWIFT_EMIT_LOC_STRINGS = YES;
				SWIFT_VERSION = 5.0;
				TARGETED_DEVICE_FAMILY = "1,2";
			};
			name = Release;
		};
		7522BA812D3BDDDC000C0C7A /* Debug */ = {
			isa = XCBuildConfiguration;
			buildSettings = {
				BUNDLE_LOADER = "$(TEST_HOST)";
				CODE_SIGN_STYLE = Automatic;
				CURRENT_PROJECT_VERSION = 1;
				DEVELOPMENT_TEAM = 55DT694GL2;
				GENERATE_INFOPLIST_FILE = YES;
				IPHONEOS_DEPLOYMENT_TARGET = 18.2;
				MARKETING_VERSION = 1.0;
				PRODUCT_BUNDLE_IDENTIFIER = graystone.BLEToolTests;
				PRODUCT_NAME = "$(TARGET_NAME)";
				SWIFT_EMIT_LOC_STRINGS = NO;
				SWIFT_VERSION = 5.0;
				TARGETED_DEVICE_FAMILY = "1,2";
				TEST_HOST = "$(BUILT_PRODUCTS_DIR)/BLETool.app/$(BUNDLE_EXECUTABLE_FOLDER_PATH)/BLETool";
			};
			name = Debug;
		};
		7522BA822D3BDDDC000C0C7A /* Release */ = {
			isa = XCBuildConfiguration;
			buildSettings = {
				BUNDLE_LOADER = "$(TEST_HOST)";
				CODE_SIGN_STYLE = Automatic;
				CURRENT_PROJECT_VERSION = 1;
				DEVELOPMENT_TEAM = 55DT694GL2;
				GENERATE_INFOPLIST_FILE = YES;
				IPHONEOS_DEPLOYMENT_TARGET = 18.2;
				MARKETING_VERSION = 1.0;
				PRODUCT_BUNDLE_IDENTIFIER = graystone.BLEToolTests;
				PRODUCT_NAME = "$(TARGET_NAME)";
				SWIFT_EMIT_LOC_STRINGS = NO;
				SWIFT_VERSION = 5.0;
				TARGETED_DEVICE_FAMILY = "1,2";
				TEST_HOST = "$(BUILT_PRODUCTS_DIR)/BLETool.app/$(BUNDLE_EXECUTABLE_FOLDER_PATH)/BLETool";
			};
			name = Release;
		};
		7522BA842D3BDDDC000C0C7A /* Debug */ = {
			isa = XCBuildConfiguration;
			buildSettings = {
				CODE_SIGN_STYLE = Automatic;
				CURRENT_PROJECT_VERSION = 1;
				DEVELOPMENT_TEAM = 55DT694GL2;
				GENERATE_INFOPLIST_FILE = YES;
				MARKETING_VERSION = 1.0;
				PRODUCT_BUNDLE_IDENTIFIER = graystone.BLEToolUITests;
				PRODUCT_NAME = "$(TARGET_NAME)";
				SWIFT_EMIT_LOC_STRINGS = NO;
				SWIFT_VERSION = 5.0;
				TARGETED_DEVICE_FAMILY = "1,2";
				TEST_TARGET_NAME = BLETool;
			};
			name = Debug;
		};
		7522BA852D3BDDDC000C0C7A /* Release */ = {
			isa = XCBuildConfiguration;
			buildSettings = {
				CODE_SIGN_STYLE = Automatic;
				CURRENT_PROJECT_VERSION = 1;
				DEVELOPMENT_TEAM = 55DT694GL2;
				GENERATE_INFOPLIST_FILE = YES;
				MARKETING_VERSION = 1.0;
				PRODUCT_BUNDLE_IDENTIFIER = graystone.BLEToolUITests;
				PRODUCT_NAME = "$(TARGET_NAME)";
				SWIFT_EMIT_LOC_STRINGS = NO;
				SWIFT_VERSION = 5.0;
				TARGETED_DEVICE_FAMILY = "1,2";
				TEST_TARGET_NAME = BLETool;
			};
			name = Release;
		};
/* End XCBuildConfiguration section */

/* Begin XCConfigurationList section */
		7522BA542D3BDDDB000C0C7A /* Build configuration list for PBXProject "BLETool" */ = {
			isa = XCConfigurationList;
			buildConfigurations = (
				7522BA7B2D3BDDDC000C0C7A /* Debug */,
				7522BA7C2D3BDDDC000C0C7A /* Release */,
			);
			defaultConfigurationIsVisible = 0;
			defaultConfigurationName = Release;
		};
		7522BA7D2D3BDDDC000C0C7A /* Build configuration list for PBXNativeTarget "BLETool" */ = {
			isa = XCConfigurationList;
			buildConfigurations = (
				7522BA7E2D3BDDDC000C0C7A /* Debug */,
				7522BA7F2D3BDDDC000C0C7A /* Release */,
			);
			defaultConfigurationIsVisible = 0;
			defaultConfigurationName = Release;
		};
		7522BA802D3BDDDC000C0C7A /* Build configuration list for PBXNativeTarget "BLEToolTests" */ = {
			isa = XCConfigurationList;
			buildConfigurations = (
				7522BA812D3BDDDC000C0C7A /* Debug */,
				7522BA822D3BDDDC000C0C7A /* Release */,
			);
			defaultConfigurationIsVisible = 0;
			defaultConfigurationName = Release;
		};
		7522BA832D3BDDDC000C0C7A /* Build configuration list for PBXNativeTarget "BLEToolUITests" */ = {
			isa = XCConfigurationList;
			buildConfigurations = (
				7522BA842D3BDDDC000C0C7A /* Debug */,
				7522BA852D3BDDDC000C0C7A /* Release */,
			);
			defaultConfigurationIsVisible = 0;
			defaultConfigurationName = Release;
		};
/* End XCConfigurationList section */
	};
	rootObject = 7522BA512D3BDDDB000C0C7A /* Project object */;
}
